PODS:
  - AppDevKit/AppDevCommonKit (1.5.0)

DEPENDENCIES:
  - AppDevKit/AppDevCommonKit

SPEC REPOS:
  https://github.com/cocoapods/specs.git:
    - AppDevKit

SPEC CHECKSUMS:
  AppDevKit: ed90f5076acc19d721f1718d32d7331304ab390b

PODFILE CHECKSUM: 6812cc5d863dab78df70298bea92b6f9fb0478df

COCOAPODS: 1.5.3
