<?xml version="1.0" encoding="UTF-8" standalone="no"?><Scheme LastUpgradeVersion="9999" version="1.7"><BuildAction buildImplicitDependencies="YES" parallelizeBuildables="YES"><PreActions><ExecutionAction ActionType="Xcode.IDEStandardExecutionActionsCore.ExecutionActionType.ShellScriptAction"><ActionContent scriptText="echo 'Started'" shellToInvoke="/bin/bash" title="Run Script"><EnvironmentBuildable><BuildableReference BlueprintIdentifier="E66DC04E35808BCC00000000" BlueprintName="QCourse" BuildableIdentifier="primary" BuildableName="QCourse.app" ReferencedContainer="container:QCourse.xcodeproj"/></EnvironmentBuildable></ActionContent></ExecutionAction></PreActions><PostActions><ExecutionAction ActionType="Xcode.IDEStandardExecutionActionsCore.ExecutionActionType.ShellScriptAction"><ActionContent scriptText="echo 'Finished'" shellToInvoke="/bin/bash" title="Run Script"><EnvironmentBuildable><BuildableReference BlueprintIdentifier="E66DC04E35808BCC00000000" BlueprintName="QCourse" BuildableIdentifier="primary" BuildableName="QCourse.app" ReferencedContainer="container:QCourse.xcodeproj"/></EnvironmentBuildable></ActionContent></ExecutionAction></PostActions><BuildActionEntries><BuildActionEntry buildForAnalyzing="YES" buildForArchiving="YES" buildForProfiling="YES" buildForRunning="YES" buildForTesting="YES"><BuildableReference BlueprintIdentifier="E66DC04EED07E44600000000" BlueprintName="QCourseAppLibrary" BuildableIdentifier="primary" BuildableName="libQCourseAppLibrary.a" ReferencedContainer="container:QCourse.xcodeproj"/></BuildActionEntry><BuildActionEntry buildForAnalyzing="YES" buildForArchiving="YES" buildForProfiling="YES" buildForRunning="YES" buildForTesting="YES"><BuildableReference BlueprintIdentifier="E66DC04E35808BCC00000000" BlueprintName="QCourse" BuildableIdentifier="primary" BuildableName="QCourse.app" ReferencedContainer="container:QCourse.xcodeproj"/></BuildActionEntry></BuildActionEntries></BuildAction><TestAction buildConfiguration="Debug" shouldUseLaunchSchemeArgsEnv="YES"><Testables/></TestAction><LaunchAction buildConfiguration="Debug" launchStyle="0"><BuildableProductRunnable><BuildableReference BlueprintIdentifier="E66DC04E35808BCC00000000" BlueprintName="QCourse" BuildableIdentifier="primary" BuildableName="QCourse.app" ReferencedContainer="container:QCourse.xcodeproj"/></BuildableProductRunnable></LaunchAction><ProfileAction buildConfiguration="Release" shouldUseLaunchSchemeArgsEnv="YES"><BuildableProductRunnable><BuildableReference BlueprintIdentifier="E66DC04E35808BCC00000000" BlueprintName="QCourse" BuildableIdentifier="primary" BuildableName="QCourse.app" ReferencedContainer="container:QCourse.xcodeproj"/></BuildableProductRunnable></ProfileAction><AnalyzeAction buildConfiguration="Debug"/><ArchiveAction buildConfiguration="Release" revealArchiveInOrganizer="YES"/></Scheme>